// !$*UTF8*$!
{
	archiveVersion = 1;
	classes = {
	};
	objectVersion = 55;
	objects = {

/* Begin PBXBuildFile section */
		EE394E9328D4A2CC0059C4B1 /* AppDelegate.swift in Sources */ = {isa = PBXBuildFile; fileRef = EE394E9228D4A2CC0059C4B1 /* AppDelegate.swift */; };
		EE394E9528D4A2CC0059C4B1 /* SceneDelegate.swift in Sources */ = {isa = PBXBuildFile; fileRef = EE394E9428D4A2CC0059C4B1 /* SceneDelegate.swift */; };
		EE394E9728D4A2CC0059C4B1 /* ViewController.swift in Sources */ = {isa = PBXBuildFile; fileRef = EE394E9628D4A2CC0059C4B1 /* ViewController.swift */; };
		EE394E9A28D4A2CC0059C4B1 /* Main.storyboard in Resources */ = {isa = PBXBuildFile; fileRef = EE394E9828D4A2CC0059C4B1 /* Main.storyboard */; };
		EE394E9C28D4A2CD0059C4B1 /* Assets.xcassets in Resources */ = {isa = PBXBuildFile; fileRef = EE394E9B28D4A2CD0059C4B1 /* Assets.xcassets */; };
		EE394E9F28D4A2CD0059C4B1 /* LaunchScreen.storyboard in Resources */ = {isa = PBXBuildFile; fileRef = EE394E9D28D4A2CD0059C4B1 /* LaunchScreen.storyboard */; };
		EE394EAA28D4A3BA0059C4B1 /* DynamicBottomSheetlViewController.swift in Sources */ = {isa = PBXBuildFile; fileRef = EE394EA928D4A3BA0059C4B1 /* DynamicBottomSheetlViewController.swift */; };
/* End PBXBuildFile section */

/* Begin PBXFileReference section */
		EE394E8F28D4A2CC0059C4B1 /* DynamicBottomSheet.app */ = {isa = PBXFileReference; explicitFileType = wrapper.application; includeInIndex = 0; path = DynamicBottomSheet.app; sourceTree = BUILT_PRODUCTS_DIR; };
		EE394E9228D4A2CC0059C4B1 /* AppDelegate.swift */ = {isa = PBXFileReference; lastKnownFileType = sourcecode.swift; path = AppDelegate.swift; sourceTree = "<group>"; };
		EE394E9428D4A2CC0059C4B1 /* SceneDelegate.swift */ = {isa = PBXFileReference; lastKnownFileType = sourcecode.swift; path = SceneDelegate.swift; sourceTree = "<group>"; };
		EE394E9628D4A2CC0059C4B1 /* ViewController.swift */ = {isa = PBXFileReference; lastKnownFileType = sourcecode.swift; path = ViewController.swift; sourceTree = "<group>"; };
		EE394E9928D4A2CC0059C4B1 /* Base */ = {isa = PBXFileReference; lastKnownFileType = file.storyboard; name = Base; path = Base.lproj/Main.storyboard; sourceTree = "<group>"; };
		EE394E9B28D4A2CD0059C4B1 /* Assets.xcassets */ = {isa = PBXFileReference; lastKnownFileType = folder.assetcatalog; path = Assets.xcassets; sourceTree = "<group>"; };
		EE394E9E28D4A2CD0059C4B1 /* Base */ = {isa = PBXFileReference; lastKnownFileType = file.storyboard; name = Base; path = Base.lproj/LaunchScreen.storyboard; sourceTree = "<group>"; };
		EE394EA028D4A2CD0059C4B1 /* Info.plist */ = {isa = PBXFileReference; lastKnownFileType = text.plist.xml; path = Info.plist; sourceTree = "<group>"; };
		EE394EA928D4A3BA0059C4B1 /* DynamicBottomSheetlViewController.swift */ = {isa = PBXFileReference; lastKnownFileType = sourcecode.swift; path = DynamicBottomSheetlViewController.swift; sourceTree = "<group>"; };
/* End PBXFileReference section */

/* Begin PBXFrameworksBuildPhase section */
		EE394E8C28D4A2CC0059C4B1 /* Frameworks */ = {
			isa = PBXFrameworksBuildPhase;
			buildActionMask = 2147483647;
			files = (
			);
			runOnlyForDeploymentPostprocessing = 0;
		};
/* End PBXFrameworksBuildPhase section */

/* Begin PBXGroup section */
		EE394E8628D4A2CC0059C4B1 = {
			isa = PBXGroup;
			children = (
				EE394E9128D4A2CC0059C4B1 /* DynamicBottomSheet */,
				EE394E9028D4A2CC0059C4B1 /* Products */,
			);
			sourceTree = "<group>";
		};
		EE394E9028D4A2CC0059C4B1 /* Products */ = {
			isa = PBXGroup;
			children = (
				EE394E8F28D4A2CC0059C4B1 /* DynamicBottomSheet.app */,
			);
			name = Products;
			sourceTree = "<group>";
		};
		EE394E9128D4A2CC0059C4B1 /* DynamicBottomSheet */ = {
			isa = PBXGroup;
			children = (
				EE394EA628D4A2DD0059C4B1 /* Application */,
				EE394E9628D4A2CC0059C4B1 /* ViewController.swift */,
				EE394EA928D4A3BA0059C4B1 /* DynamicBottomSheetlViewController.swift */,
			);
			path = DynamicBottomSheet;
			sourceTree = "<group>";
		};
		EE394EA628D4A2DD0059C4B1 /* Application */ = {
			isa = PBXGroup;
			children = (
				EE394E9228D4A2CC0059C4B1 /* AppDelegate.swift */,
				EE394E9428D4A2CC0059C4B1 /* SceneDelegate.swift */,
				EE394E9828D4A2CC0059C4B1 /* Main.storyboard */,
				EE394E9D28D4A2CD0059C4B1 /* LaunchScreen.storyboard */,
				EE394E9B28D4A2CD0059C4B1 /* Assets.xcassets */,
				EE394EA028D4A2CD0059C4B1 /* Info.plist */,
			);
			path = Application;
			sourceTree = "<group>";
		};
/* End PBXGroup section */

/* Begin PBXNativeTarget section */
		EE394E8E28D4A2CC0059C4B1 /* DynamicBottomSheet */ = {
			isa = PBXNativeTarget;
			buildConfigurationList = EE394EA328D4A2CD0059C4B1 /* Build configuration list for PBXNativeTarget "DynamicBottomSheet" */;
			buildPhases = (
				EE394E8B28D4A2CC0059C4B1 /* Sources */,
				EE394E8C28D4A2CC0059C4B1 /* Frameworks */,
				EE394E8D28D4A2CC0059C4B1 /* Resources */,
			);
			buildRules = (
			);
			dependencies = (
			);
			name = DynamicBottomSheet;
			productName = DynamicBottomSheet;
			productReference = EE394E8F28D4A2CC0059C4B1 /* DynamicBottomSheet.app */;
			productType = "com.apple.product-type.application";
		};
/* End PBXNativeTarget section */

/* Begin PBXProject section */
		EE394E8728D4A2CC0059C4B1 /* Project object */ = {
			isa = PBXProject;
			attributes = {
				BuildIndependentTargetsInParallel = 1;
				LastSwiftUpdateCheck = 1340;
				LastUpgradeCheck = 1340;
				TargetAttributes = {
					EE394E8E28D4A2CC0059C4B1 = {
						CreatedOnToolsVersion = 13.4.1;
					};
				};
			};
			buildConfigurationList = EE394E8A28D4A2CC0059C4B1 /* Build configuration list for PBXProject "DynamicBottomSheet" */;
			compatibilityVersion = "Xcode 13.0";
			developmentRegion = en;
			hasScannedForEncodings = 0;
			knownRegions = (
				en,
				Base,
			);
			mainGroup = EE394E8628D4A2CC0059C4B1;
			productRefGroup = EE394E9028D4A2CC0059C4B1 /* Products */;
			projectDirPath = "";
			projectRoot = "";
			targets = (
				EE394E8E28D4A2CC0059C4B1 /* DynamicBottomSheet */,
			);
		};
/* End PBXProject section */

/* Begin PBXResourcesBuildPhase section */
		EE394E8D28D4A2CC0059C4B1 /* Resources */ = {
			isa = PBXResourcesBuildPhase;
			buildActionMask = 2147483647;
			files = (
				EE394E9F28D4A2CD0059C4B1 /* LaunchScreen.storyboard in Resources */,
				EE394E9C28D4A2CD0059C4B1 /* Assets.xcassets in Resources */,
				EE394E9A28D4A2CC0059C4B1 /* Main.storyboard in Resources */,
			);
			runOnlyForDeploymentPostprocessing = 0;
		};
/* End PBXResourcesBuildPhase section */

/* Begin PBXSourcesBuildPhase section */
		EE394E8B28D4A2CC0059C4B1 /* Sources */ = {
			isa = PBXSourcesBuildPhase;
			buildActionMask = 2147483647;
			files = (
				EE394EAA28D4A3BA0059C4B1 /* DynamicBottomSheetlViewController.swift in Sources */,
				EE394E9728D4A2CC0059C4B1 /* ViewController.swift in Sources */,
				EE394E9328D4A2CC0059C4B1 /* AppDelegate.swift in Sources */,
				EE394E9528D4A2CC0059C4B1 /* SceneDelegate.swift in Sources */,
			);
			runOnlyForDeploymentPostprocessing = 0;
		};
/* End PBXSourcesBuildPhase section */

/* Begin PBXVariantGroup section */
		EE394E9828D4A2CC0059C4B1 /* Main.storyboard */ = {
			isa = PBXVariantGroup;
			children = (
				EE394E9928D4A2CC0059C4B1 /* Base */,
			);
			name = Main.storyboard;
			sourceTree = "<group>";
		};
		EE394E9D28D4A2CD0059C4B1 /* LaunchScreen.storyboard */ = {
			isa = PBXVariantGroup;
			children = (
				EE394E9E28D4A2CD0059C4B1 /* Base */,
			);
			name = LaunchScreen.storyboard;
			sourceTree = "<group>";
		};
/* End PBXVariantGroup section */

/* Begin XCBuildConfiguration section */
		EE394EA128D4A2CD0059C4B1 /* Debug */ = {
			isa = XCBuildConfiguration;
			buildSettings = {
				ALWAYS_SEARCH_USER_PATHS = NO;
				CLANG_ANALYZER_NONNULL = YES;
				CLANG_ANALYZER_NUMBER_OBJECT_CONVERSION = YES_AGGRESSIVE;
				CLANG_CXX_LANGUAGE_STANDARD = "gnu++17";
				CLANG_ENABLE_MODULES = YES;
				CLANG_ENABLE_OBJC_ARC = YES;
				CLANG_ENABLE_OBJC_WEAK = YES;
				CLANG_WARN_BLOCK_CAPTURE_AUTORELEASING = YES;
				CLANG_WARN_BOOL_CONVERSION = YES;
				CLANG_WARN_COMMA = YES;
				CLANG_WARN_CONSTANT_CONVERSION = YES;
				CLANG_WARN_DEPRECATED_OBJC_IMPLEMENTATIONS = YES;
				CLANG_WARN_DIRECT_OBJC_ISA_USAGE = YES_ERROR;
				CLANG_WARN_DOCUMENTATION_COMMENTS = YES;
				CLANG_WARN_EMPTY_BODY = YES;
				CLANG_WARN_ENUM_CONVERSION = YES;
				CLANG_WARN_INFINITE_RECURSION = YES;
				CLANG_WARN_INT_CONVERSION = YES;
				CLANG_WARN_NON_LITERAL_NULL_CONVERSION = YES;
				CLANG_WARN_OBJC_IMPLICIT_RETAIN_SELF = YES;
				CLANG_WARN_OBJC_LITERAL_CONVERSION = YES;
				CLANG_WARN_OBJC_ROOT_CLASS = YES_ERROR;
				CLANG_WARN_QUOTED_INCLUDE_IN_FRAMEWORK_HEADER = YES;
				CLANG_WARN_RANGE_LOOP_ANALYSIS = YES;
				CLANG_WARN_STRICT_PROTOTYPES = YES;
				CLANG_WARN_SUSPICIOUS_MOVE = YES;
				CLANG_WARN_UNGUARDED_AVAILABILITY = YES_AGGRESSIVE;
				CLANG_WARN_UNREACHABLE_CODE = YES;
				CLANG_WARN__DUPLICATE_METHOD_MATCH = YES;
				COPY_PHASE_STRIP = NO;
				DEBUG_INFORMATION_FORMAT = dwarf;
				ENABLE_STRICT_OBJC_MSGSEND = YES;
				ENABLE_TESTABILITY = YES;
				GCC_C_LANGUAGE_STANDARD = gnu11;
				GCC_DYNAMIC_NO_PIC = NO;
				GCC_NO_COMMON_BLOCKS = YES;
				GCC_OPTIMIZATION_LEVEL = 0;
				GCC_PREPROCESSOR_DEFINITIONS = (
					"DEBUG=1",
					"$(inherited)",
				);
				GCC_WARN_64_TO_32_BIT_CONVERSION = YES;
				GCC_WARN_ABOUT_RETURN_TYPE = YES_ERROR;
				GCC_WARN_UNDECLARED_SELECTOR = YES;
				GCC_WARN_UNINITIALIZED_AUTOS = YES_AGGRESSIVE;
				GCC_WARN_UNUSED_FUNCTION = YES;
				GCC_WARN_UNUSED_VARIABLE = YES;
				IPHONEOS_DEPLOYMENT_TARGET = 15.5;
				MTL_ENABLE_DEBUG_INFO = INCLUDE_SOURCE;
				MTL_FAST_MATH = YES;
				ONLY_ACTIVE_ARCH = YES;
				SDKROOT = iphoneos;
				SWIFT_ACTIVE_COMPILATION_CONDITIONS = DEBUG;
				SWIFT_OPTIMIZATION_LEVEL = "-Onone";
			};
			name = Debug;
		};
		EE394EA228D4A2CD0059C4B1 /* Release */ = {
			isa = XCBuildConfiguration;
			buildSettings = {
				ALWAYS_SEARCH_USER_PATHS = NO;
				CLANG_ANALYZER_NONNULL = YES;
				CLANG_ANALYZER_NUMBER_OBJECT_CONVERSION = YES_AGGRESSIVE;
				CLANG_CXX_LANGUAGE_STANDARD = "gnu++17";
				CLANG_ENABLE_MODULES = YES;
				CLANG_ENABLE_OBJC_ARC = YES;
				CLANG_ENABLE_OBJC_WEAK = YES;
				CLANG_WARN_BLOCK_CAPTURE_AUTORELEASING = YES;
				CLANG_WARN_BOOL_CONVERSION = YES;
				CLANG_WARN_COMMA = YES;
				CLANG_WARN_CONSTANT_CONVERSION = YES;
				CLANG_WARN_DEPRECATED_OBJC_IMPLEMENTATIONS = YES;
				CLANG_WARN_DIRECT_OBJC_ISA_USAGE = YES_ERROR;
				CLANG_WARN_DOCUMENTATION_COMMENTS = YES;
				CLANG_WARN_EMPTY_BODY = YES;
				CLANG_WARN_ENUM_CONVERSION = YES;
				CLANG_WARN_INFINITE_RECURSION = YES;
				CLANG_WARN_INT_CONVERSION = YES;
				CLANG_WARN_NON_LITERAL_NULL_CONVERSION = YES;
				CLANG_WARN_OBJC_IMPLICIT_RETAIN_SELF = YES;
				CLANG_WARN_OBJC_LITERAL_CONVERSION = YES;
				CLANG_WARN_OBJC_ROOT_CLASS = YES_ERROR;
				CLANG_WARN_QUOTED_INCLUDE_IN_FRAMEWORK_HEADER = YES;
				CLANG_WARN_RANGE_LOOP_ANALYSIS = YES;
				CLANG_WARN_STRICT_PROTOTYPES = YES;
				CLANG_WARN_SUSPICIOUS_MOVE = YES;
				CLANG_WARN_UNGUARDED_AVAILABILITY = YES_AGGRESSIVE;
				CLANG_WARN_UNREACHABLE_CODE = YES;
				CLANG_WARN__DUPLICATE_METHOD_MATCH = YES;
				COPY_PHASE_STRIP = NO;
				DEBUG_INFORMATION_FORMAT = "dwarf-with-dsym";
				ENABLE_NS_ASSERTIONS = NO;
				ENABLE_STRICT_OBJC_MSGSEND = YES;
				GCC_C_LANGUAGE_STANDARD = gnu11;
				GCC_NO_COMMON_BLOCKS = YES;
				GCC_WARN_64_TO_32_BIT_CONVERSION = YES;
				GCC_WARN_ABOUT_RETURN_TYPE = YES_ERROR;
				GCC_WARN_UNDECLARED_SELECTOR = YES;
				GCC_WARN_UNINITIALIZED_AUTOS = YES_AGGRESSIVE;
				GCC_WARN_UNUSED_FUNCTION = YES;
				GCC_WARN_UNUSED_VARIABLE = YES;
				IPHONEOS_DEPLOYMENT_TARGET = 15.5;
				MTL_ENABLE_DEBUG_INFO = NO;
				MTL_FAST_MATH = YES;
				SDKROOT = iphoneos;
				SWIFT_COMPILATION_MODE = wholemodule;
				SWIFT_OPTIMIZATION_LEVEL = "-O";
				VALIDATE_PRODUCT = YES;
			};
			name = Release;
		};
		EE394EA428D4A2CD0059C4B1 /* Debug */ = {
			isa = XCBuildConfiguration;
			buildSettings = {
				ASSETCATALOG_COMPILER_APPICON_NAME = AppIcon;
				ASSETCATALOG_COMPILER_GLOBAL_ACCENT_COLOR_NAME = AccentColor;
				CODE_SIGN_STYLE = Automatic;
				CURRENT_PROJECT_VERSION = 1;
				DEVELOPMENT_TEAM = DU7FSA5JUQ;
				GENERATE_INFOPLIST_FILE = YES;
				INFOPLIST_FILE = DynamicBottomSheet/Application/Info.plist;
				INFOPLIST_KEY_UIApplicationSupportsIndirectInputEvents = YES;
				INFOPLIST_KEY_UILaunchStoryboardName = LaunchScreen;
				INFOPLIST_KEY_UIMainStoryboardFile = Main;
				INFOPLIST_KEY_UISupportedInterfaceOrientations_iPad = "UIInterfaceOrientationPortrait UIInterfaceOrientationPortraitUpsideDown UIInterfaceOrientationLandscapeLeft UIInterfaceOrientationLandscapeRight";
				INFOPLIST_KEY_UISupportedInterfaceOrientations_iPhone = "UIInterfaceOrientationPortrait UIInterfaceOrientationLandscapeLeft UIInterfaceOrientationLandscapeRight";
				LD_RUNPATH_SEARCH_PATHS = (
					"$(inherited)",
					"@executable_path/Frameworks",
				);
				MARKETING_VERSION = 1.0;
				PRODUCT_BUNDLE_IDENTIFIER = com.younggyun.DynamicBottomSheet;
				PRODUCT_NAME = "$(TARGET_NAME)";
				SWIFT_EMIT_LOC_STRINGS = YES;
				SWIFT_VERSION = 5.0;
				TARGETED_DEVICE_FAMILY = 1;
			};
			name = Debug;
		};
		EE394EA528D4A2CD0059C4B1 /* Release */ = {
			isa = XCBuildConfiguration;
			buildSettings = {
				ASSETCATALOG_COMPILER_APPICON_NAME = AppIcon;
				ASSETCATALOG_COMPILER_GLOBAL_ACCENT_COLOR_NAME = AccentColor;
				CODE_SIGN_STYLE = Automatic;
				CURRENT_PROJECT_VERSION = 1;
				DEVELOPMENT_TEAM = DU7FSA5JUQ;
				GENERATE_INFOPLIST_FILE = YES;
				INFOPLIST_FILE = DynamicBottomSheet/Application/Info.plist;
				INFOPLIST_KEY_UIApplicationSupportsIndirectInputEvents = YES;
				INFOPLIST_KEY_UILaunchStoryboardName = LaunchScreen;
				INFOPLIST_KEY_UIMainStoryboardFile = Main;
				INFOPLIST_KEY_UISupportedInterfaceOrientations_iPad = "UIInterfaceOrientationPortrait UIInterfaceOrientationPortraitUpsideDown UIInterfaceOrientationLandscapeLeft UIInterfaceOrientationLandscapeRight";
				INFOPLIST_KEY_UISupportedInterfaceOrientations_iPhone = "UIInterfaceOrientationPortrait UIInterfaceOrientationLandscapeLeft UIInterfaceOrientationLandscapeRight";
				LD_RUNPATH_SEARCH_PATHS = (
					"$(inherited)",
					"@executable_path/Frameworks",
				);
				MARKETING_VERSION = 1.0;
				PRODUCT_BUNDLE_IDENTIFIER = com.younggyun.DynamicBottomSheet;
				PRODUCT_NAME = "$(TARGET_NAME)";
				SWIFT_EMIT_LOC_STRINGS = YES;
				SWIFT_VERSION = 5.0;
				TARGETED_DEVICE_FAMILY = 1;
			};
			name = Release;
		};
/* End XCBuildConfiguration section */

/* Begin XCConfigurationList section */
		EE394E8A28D4A2CC0059C4B1 /* Build configuration list for PBXProject "DynamicBottomSheet" */ = {
			isa = XCConfigurationList;
			buildConfigurations = (
				EE394EA128D4A2CD0059C4B1 /* Debug */,
				EE394EA228D4A2CD0059C4B1 /* Release */,
			);
			defaultConfigurationIsVisible = 0;
			defaultConfigurationName = Release;
		};
		EE394EA328D4A2CD0059C4B1 /* Build configuration list for PBXNativeTarget "DynamicBottomSheet" */ = {
			isa = XCConfigurationList;
			buildConfigurations = (
				EE394EA428D4A2CD0059C4B1 /* Debug */,
				EE394EA528D4A2CD0059C4B1 /* Release */,
			);
			defaultConfigurationIsVisible = 0;
			defaultConfigurationName = Release;
		};
/* End XCConfigurationList section */
	};
	rootObject = EE394E8728D4A2CC0059C4B1 /* Project object */;
}
