// !$*UTF8*$!
{
	archiveVersion = 1;
	classes = {
	};
	objectVersion = 55;
	objects = {

/* Begin PBXBuildFile section */
		EEF8BC3828D6F85D0091438F /* AppDelegate.swift in Sources */ = {isa = PBXBuildFile; fileRef = EEF8BC3728D6F85D0091438F /* AppDelegate.swift */; };
		EEF8BC3A28D6F85D0091438F /* SceneDelegate.swift in Sources */ = {isa = PBXBuildFile; fileRef = EEF8BC3928D6F85D0091438F /* SceneDelegate.swift */; };
		EEF8BC3C28D6F85D0091438F /* ViewController.swift in Sources */ = {isa = PBXBuildFile; fileRef = EEF8BC3B28D6F85D0091438F /* ViewController.swift */; };
		EEF8BC3F28D6F85D0091438F /* Main.storyboard in Resources */ = {isa = PBXBuildFile; fileRef = EEF8BC3D28D6F85D0091438F /* Main.storyboard */; };
		EEF8BC4128D6F85F0091438F /* Assets.xcassets in Resources */ = {isa = PBXBuildFile; fileRef = EEF8BC4028D6F85F0091438F /* Assets.xcassets */; };
		EEF8BC4428D6F85F0091438F /* LaunchScreen.storyboard in Resources */ = {isa = PBXBuildFile; fileRef = EEF8BC4228D6F85F0091438F /* LaunchScreen.storyboard */; };
		EEF8BC4E28D6FD1C0091438F /* TabBarCollectionViewCell.swift in Sources */ = {isa = PBXBuildFile; fileRef = EEF8BC4C28D6FD1C0091438F /* TabBarCollectionViewCell.swift */; };
		EEF8BC4F28D6FD1C0091438F /* TabBarCollectionViewCell.xib in Resources */ = {isa = PBXBuildFile; fileRef = EEF8BC4D28D6FD1C0091438F /* TabBarCollectionViewCell.xib */; };
		EEF8BC5228D6FF880091438F /* ContentCollectionViewCell.swift in Sources */ = {isa = PBXBuildFile; fileRef = EEF8BC5028D6FF880091438F /* ContentCollectionViewCell.swift */; };
		EEF8BC5328D6FF880091438F /* ContentCollectionViewCell.xib in Resources */ = {isa = PBXBuildFile; fileRef = EEF8BC5128D6FF880091438F /* ContentCollectionViewCell.xib */; };
/* End PBXBuildFile section */

/* Begin PBXFileReference section */
		EEF8BC3428D6F85D0091438F /* PagingTabBar.app */ = {isa = PBXFileReference; explicitFileType = wrapper.application; includeInIndex = 0; path = PagingTabBar.app; sourceTree = BUILT_PRODUCTS_DIR; };
		EEF8BC3728D6F85D0091438F /* AppDelegate.swift */ = {isa = PBXFileReference; lastKnownFileType = sourcecode.swift; path = AppDelegate.swift; sourceTree = "<group>"; };
		EEF8BC3928D6F85D0091438F /* SceneDelegate.swift */ = {isa = PBXFileReference; lastKnownFileType = sourcecode.swift; path = SceneDelegate.swift; sourceTree = "<group>"; };
		EEF8BC3B28D6F85D0091438F /* ViewController.swift */ = {isa = PBXFileReference; lastKnownFileType = sourcecode.swift; path = ViewController.swift; sourceTree = "<group>"; };
		EEF8BC3E28D6F85D0091438F /* Base */ = {isa = PBXFileReference; lastKnownFileType = file.storyboard; name = Base; path = Base.lproj/Main.storyboard; sourceTree = "<group>"; };
		EEF8BC4028D6F85F0091438F /* Assets.xcassets */ = {isa = PBXFileReference; lastKnownFileType = folder.assetcatalog; path = Assets.xcassets; sourceTree = "<group>"; };
		EEF8BC4328D6F85F0091438F /* Base */ = {isa = PBXFileReference; lastKnownFileType = file.storyboard; name = Base; path = Base.lproj/LaunchScreen.storyboard; sourceTree = "<group>"; };
		EEF8BC4528D6F85F0091438F /* Info.plist */ = {isa = PBXFileReference; lastKnownFileType = text.plist.xml; path = Info.plist; sourceTree = "<group>"; };
		EEF8BC4C28D6FD1C0091438F /* TabBarCollectionViewCell.swift */ = {isa = PBXFileReference; lastKnownFileType = sourcecode.swift; path = TabBarCollectionViewCell.swift; sourceTree = "<group>"; };
		EEF8BC4D28D6FD1C0091438F /* TabBarCollectionViewCell.xib */ = {isa = PBXFileReference; lastKnownFileType = file.xib; path = TabBarCollectionViewCell.xib; sourceTree = "<group>"; };
		EEF8BC5028D6FF880091438F /* ContentCollectionViewCell.swift */ = {isa = PBXFileReference; lastKnownFileType = sourcecode.swift; path = ContentCollectionViewCell.swift; sourceTree = "<group>"; };
		EEF8BC5128D6FF880091438F /* ContentCollectionViewCell.xib */ = {isa = PBXFileReference; lastKnownFileType = file.xib; path = ContentCollectionViewCell.xib; sourceTree = "<group>"; };
/* End PBXFileReference section */

/* Begin PBXFrameworksBuildPhase section */
		EEF8BC3128D6F85D0091438F /* Frameworks */ = {
			isa = PBXFrameworksBuildPhase;
			buildActionMask = 2147483647;
			files = (
			);
			runOnlyForDeploymentPostprocessing = 0;
		};
/* End PBXFrameworksBuildPhase section */

/* Begin PBXGroup section */
		EEF8BC2B28D6F85D0091438F = {
			isa = PBXGroup;
			children = (
				EEF8BC3628D6F85D0091438F /* PagingTabBar */,
				EEF8BC3528D6F85D0091438F /* Products */,
			);
			sourceTree = "<group>";
		};
		EEF8BC3528D6F85D0091438F /* Products */ = {
			isa = PBXGroup;
			children = (
				EEF8BC3428D6F85D0091438F /* PagingTabBar.app */,
			);
			name = Products;
			sourceTree = "<group>";
		};
		EEF8BC3628D6F85D0091438F /* PagingTabBar */ = {
			isa = PBXGroup;
			children = (
				EEF8BC4B28D6FC780091438F /* Application */,
				EEF8BC3B28D6F85D0091438F /* ViewController.swift */,
				EEF8BC3D28D6F85D0091438F /* Main.storyboard */,
				EEF8BC4C28D6FD1C0091438F /* TabBarCollectionViewCell.swift */,
				EEF8BC4D28D6FD1C0091438F /* TabBarCollectionViewCell.xib */,
				EEF8BC5028D6FF880091438F /* ContentCollectionViewCell.swift */,
				EEF8BC5128D6FF880091438F /* ContentCollectionViewCell.xib */,
			);
			path = PagingTabBar;
			sourceTree = "<group>";
		};
		EEF8BC4B28D6FC780091438F /* Application */ = {
			isa = PBXGroup;
			children = (
				EEF8BC3728D6F85D0091438F /* AppDelegate.swift */,
				EEF8BC3928D6F85D0091438F /* SceneDelegate.swift */,
				EEF8BC4228D6F85F0091438F /* LaunchScreen.storyboard */,
				EEF8BC4528D6F85F0091438F /* Info.plist */,
				EEF8BC4028D6F85F0091438F /* Assets.xcassets */,
			);
			path = Application;
			sourceTree = "<group>";
		};
/* End PBXGroup section */

/* Begin PBXNativeTarget section */
		EEF8BC3328D6F85D0091438F /* PagingTabBar */ = {
			isa = PBXNativeTarget;
			buildConfigurationList = EEF8BC4828D6F85F0091438F /* Build configuration list for PBXNativeTarget "PagingTabBar" */;
			buildPhases = (
				EEF8BC3028D6F85D0091438F /* Sources */,
				EEF8BC3128D6F85D0091438F /* Frameworks */,
				EEF8BC3228D6F85D0091438F /* Resources */,
			);
			buildRules = (
			);
			dependencies = (
			);
			name = PagingTabBar;
			productName = PagingTabBar;
			productReference = EEF8BC3428D6F85D0091438F /* PagingTabBar.app */;
			productType = "com.apple.product-type.application";
		};
/* End PBXNativeTarget section */

/* Begin PBXProject section */
		EEF8BC2C28D6F85D0091438F /* Project object */ = {
			isa = PBXProject;
			attributes = {
				BuildIndependentTargetsInParallel = 1;
				LastSwiftUpdateCheck = 1340;
				LastUpgradeCheck = 1340;
				TargetAttributes = {
					EEF8BC3328D6F85D0091438F = {
						CreatedOnToolsVersion = 13.4.1;
					};
				};
			};
			buildConfigurationList = EEF8BC2F28D6F85D0091438F /* Build configuration list for PBXProject "PagingTabBar" */;
			compatibilityVersion = "Xcode 13.0";
			developmentRegion = en;
			hasScannedForEncodings = 0;
			knownRegions = (
				en,
				Base,
			);
			mainGroup = EEF8BC2B28D6F85D0091438F;
			productRefGroup = EEF8BC3528D6F85D0091438F /* Products */;
			projectDirPath = "";
			projectRoot = "";
			targets = (
				EEF8BC3328D6F85D0091438F /* PagingTabBar */,
			);
		};
/* End PBXProject section */

/* Begin PBXResourcesBuildPhase section */
		EEF8BC3228D6F85D0091438F /* Resources */ = {
			isa = PBXResourcesBuildPhase;
			buildActionMask = 2147483647;
			files = (
				EEF8BC4F28D6FD1C0091438F /* TabBarCollectionViewCell.xib in Resources */,
				EEF8BC4428D6F85F0091438F /* LaunchScreen.storyboard in Resources */,
				EEF8BC4128D6F85F0091438F /* Assets.xcassets in Resources */,
				EEF8BC5328D6FF880091438F /* ContentCollectionViewCell.xib in Resources */,
				EEF8BC3F28D6F85D0091438F /* Main.storyboard in Resources */,
			);
			runOnlyForDeploymentPostprocessing = 0;
		};
/* End PBXResourcesBuildPhase section */

/* Begin PBXSourcesBuildPhase section */
		EEF8BC3028D6F85D0091438F /* Sources */ = {
			isa = PBXSourcesBuildPhase;
			buildActionMask = 2147483647;
			files = (
				EEF8BC4E28D6FD1C0091438F /* TabBarCollectionViewCell.swift in Sources */,
				EEF8BC3C28D6F85D0091438F /* ViewController.swift in Sources */,
				EEF8BC3828D6F85D0091438F /* AppDelegate.swift in Sources */,
				EEF8BC3A28D6F85D0091438F /* SceneDelegate.swift in Sources */,
				EEF8BC5228D6FF880091438F /* ContentCollectionViewCell.swift in Sources */,
			);
			runOnlyForDeploymentPostprocessing = 0;
		};
/* End PBXSourcesBuildPhase section */

/* Begin PBXVariantGroup section */
		EEF8BC3D28D6F85D0091438F /* Main.storyboard */ = {
			isa = PBXVariantGroup;
			children = (
				EEF8BC3E28D6F85D0091438F /* Base */,
			);
			name = Main.storyboard;
			sourceTree = "<group>";
		};
		EEF8BC4228D6F85F0091438F /* LaunchScreen.storyboard */ = {
			isa = PBXVariantGroup;
			children = (
				EEF8BC4328D6F85F0091438F /* Base */,
			);
			name = LaunchScreen.storyboard;
			sourceTree = "<group>";
		};
/* End PBXVariantGroup section */

/* Begin XCBuildConfiguration section */
		EEF8BC4628D6F85F0091438F /* Debug */ = {
			isa = XCBuildConfiguration;
			buildSettings = {
				ALWAYS_SEARCH_USER_PATHS = NO;
				CLANG_ANALYZER_NONNULL = YES;
				CLANG_ANALYZER_NUMBER_OBJECT_CONVERSION = YES_AGGRESSIVE;
				CLANG_CXX_LANGUAGE_STANDARD = "gnu++17";
				CLANG_ENABLE_MODULES = YES;
				CLANG_ENABLE_OBJC_ARC = YES;
				CLANG_ENABLE_OBJC_WEAK = YES;
				CLANG_WARN_BLOCK_CAPTURE_AUTORELEASING = YES;
				CLANG_WARN_BOOL_CONVERSION = YES;
				CLANG_WARN_COMMA = YES;
				CLANG_WARN_CONSTANT_CONVERSION = YES;
				CLANG_WARN_DEPRECATED_OBJC_IMPLEMENTATIONS = YES;
				CLANG_WARN_DIRECT_OBJC_ISA_USAGE = YES_ERROR;
				CLANG_WARN_DOCUMENTATION_COMMENTS = YES;
				CLANG_WARN_EMPTY_BODY = YES;
				CLANG_WARN_ENUM_CONVERSION = YES;
				CLANG_WARN_INFINITE_RECURSION = YES;
				CLANG_WARN_INT_CONVERSION = YES;
				CLANG_WARN_NON_LITERAL_NULL_CONVERSION = YES;
				CLANG_WARN_OBJC_IMPLICIT_RETAIN_SELF = YES;
				CLANG_WARN_OBJC_LITERAL_CONVERSION = YES;
				CLANG_WARN_OBJC_ROOT_CLASS = YES_ERROR;
				CLANG_WARN_QUOTED_INCLUDE_IN_FRAMEWORK_HEADER = YES;
				CLANG_WARN_RANGE_LOOP_ANALYSIS = YES;
				CLANG_WARN_STRICT_PROTOTYPES = YES;
				CLANG_WARN_SUSPICIOUS_MOVE = YES;
				CLANG_WARN_UNGUARDED_AVAILABILITY = YES_AGGRESSIVE;
				CLANG_WARN_UNREACHABLE_CODE = YES;
				CLANG_WARN__DUPLICATE_METHOD_MATCH = YES;
				COPY_PHASE_STRIP = NO;
				DEBUG_INFORMATION_FORMAT = dwarf;
				ENABLE_STRICT_OBJC_MSGSEND = YES;
				ENABLE_TESTABILITY = YES;
				GCC_C_LANGUAGE_STANDARD = gnu11;
				GCC_DYNAMIC_NO_PIC = NO;
				GCC_NO_COMMON_BLOCKS = YES;
				GCC_OPTIMIZATION_LEVEL = 0;
				GCC_PREPROCESSOR_DEFINITIONS = (
					"DEBUG=1",
					"$(inherited)",
				);
				GCC_WARN_64_TO_32_BIT_CONVERSION = YES;
				GCC_WARN_ABOUT_RETURN_TYPE = YES_ERROR;
				GCC_WARN_UNDECLARED_SELECTOR = YES;
				GCC_WARN_UNINITIALIZED_AUTOS = YES_AGGRESSIVE;
				GCC_WARN_UNUSED_FUNCTION = YES;
				GCC_WARN_UNUSED_VARIABLE = YES;
				IPHONEOS_DEPLOYMENT_TARGET = 15.5;
				MTL_ENABLE_DEBUG_INFO = INCLUDE_SOURCE;
				MTL_FAST_MATH = YES;
				ONLY_ACTIVE_ARCH = YES;
				SDKROOT = iphoneos;
				SWIFT_ACTIVE_COMPILATION_CONDITIONS = DEBUG;
				SWIFT_OPTIMIZATION_LEVEL = "-Onone";
			};
			name = Debug;
		};
		EEF8BC4728D6F85F0091438F /* Release */ = {
			isa = XCBuildConfiguration;
			buildSettings = {
				ALWAYS_SEARCH_USER_PATHS = NO;
				CLANG_ANALYZER_NONNULL = YES;
				CLANG_ANALYZER_NUMBER_OBJECT_CONVERSION = YES_AGGRESSIVE;
				CLANG_CXX_LANGUAGE_STANDARD = "gnu++17";
				CLANG_ENABLE_MODULES = YES;
				CLANG_ENABLE_OBJC_ARC = YES;
				CLANG_ENABLE_OBJC_WEAK = YES;
				CLANG_WARN_BLOCK_CAPTURE_AUTORELEASING = YES;
				CLANG_WARN_BOOL_CONVERSION = YES;
				CLANG_WARN_COMMA = YES;
				CLANG_WARN_CONSTANT_CONVERSION = YES;
				CLANG_WARN_DEPRECATED_OBJC_IMPLEMENTATIONS = YES;
				CLANG_WARN_DIRECT_OBJC_ISA_USAGE = YES_ERROR;
				CLANG_WARN_DOCUMENTATION_COMMENTS = YES;
				CLANG_WARN_EMPTY_BODY = YES;
				CLANG_WARN_ENUM_CONVERSION = YES;
				CLANG_WARN_INFINITE_RECURSION = YES;
				CLANG_WARN_INT_CONVERSION = YES;
				CLANG_WARN_NON_LITERAL_NULL_CONVERSION = YES;
				CLANG_WARN_OBJC_IMPLICIT_RETAIN_SELF = YES;
				CLANG_WARN_OBJC_LITERAL_CONVERSION = YES;
				CLANG_WARN_OBJC_ROOT_CLASS = YES_ERROR;
				CLANG_WARN_QUOTED_INCLUDE_IN_FRAMEWORK_HEADER = YES;
				CLANG_WARN_RANGE_LOOP_ANALYSIS = YES;
				CLANG_WARN_STRICT_PROTOTYPES = YES;
				CLANG_WARN_SUSPICIOUS_MOVE = YES;
				CLANG_WARN_UNGUARDED_AVAILABILITY = YES_AGGRESSIVE;
				CLANG_WARN_UNREACHABLE_CODE = YES;
				CLANG_WARN__DUPLICATE_METHOD_MATCH = YES;
				COPY_PHASE_STRIP = NO;
				DEBUG_INFORMATION_FORMAT = "dwarf-with-dsym";
				ENABLE_NS_ASSERTIONS = NO;
				ENABLE_STRICT_OBJC_MSGSEND = YES;
				GCC_C_LANGUAGE_STANDARD = gnu11;
				GCC_NO_COMMON_BLOCKS = YES;
				GCC_WARN_64_TO_32_BIT_CONVERSION = YES;
				GCC_WARN_ABOUT_RETURN_TYPE = YES_ERROR;
				GCC_WARN_UNDECLARED_SELECTOR = YES;
				GCC_WARN_UNINITIALIZED_AUTOS = YES_AGGRESSIVE;
				GCC_WARN_UNUSED_FUNCTION = YES;
				GCC_WARN_UNUSED_VARIABLE = YES;
				IPHONEOS_DEPLOYMENT_TARGET = 15.5;
				MTL_ENABLE_DEBUG_INFO = NO;
				MTL_FAST_MATH = YES;
				SDKROOT = iphoneos;
				SWIFT_COMPILATION_MODE = wholemodule;
				SWIFT_OPTIMIZATION_LEVEL = "-O";
				VALIDATE_PRODUCT = YES;
			};
			name = Release;
		};
		EEF8BC4928D6F85F0091438F /* Debug */ = {
			isa = XCBuildConfiguration;
			buildSettings = {
				ASSETCATALOG_COMPILER_APPICON_NAME = AppIcon;
				ASSETCATALOG_COMPILER_GLOBAL_ACCENT_COLOR_NAME = AccentColor;
				CODE_SIGN_STYLE = Automatic;
				CURRENT_PROJECT_VERSION = 1;
				DEVELOPMENT_TEAM = DU7FSA5JUQ;
				GENERATE_INFOPLIST_FILE = YES;
				INFOPLIST_FILE = PagingTabBar/Application/Info.plist;
				INFOPLIST_KEY_UIApplicationSupportsIndirectInputEvents = YES;
				INFOPLIST_KEY_UILaunchStoryboardName = LaunchScreen;
				INFOPLIST_KEY_UIMainStoryboardFile = Main;
				INFOPLIST_KEY_UISupportedInterfaceOrientations_iPad = "UIInterfaceOrientationPortrait UIInterfaceOrientationPortraitUpsideDown UIInterfaceOrientationLandscapeLeft UIInterfaceOrientationLandscapeRight";
				INFOPLIST_KEY_UISupportedInterfaceOrientations_iPhone = "UIInterfaceOrientationPortrait UIInterfaceOrientationLandscapeLeft UIInterfaceOrientationLandscapeRight";
				LD_RUNPATH_SEARCH_PATHS = (
					"$(inherited)",
					"@executable_path/Frameworks",
				);
				MARKETING_VERSION = 1.0;
				PRODUCT_BUNDLE_IDENTIFIER = com.younggyun.PagingTabBar;
				PRODUCT_NAME = "$(TARGET_NAME)";
				SWIFT_EMIT_LOC_STRINGS = YES;
				SWIFT_VERSION = 5.0;
				TARGETED_DEVICE_FAMILY = 1;
			};
			name = Debug;
		};
		EEF8BC4A28D6F85F0091438F /* Release */ = {
			isa = XCBuildConfiguration;
			buildSettings = {
				ASSETCATALOG_COMPILER_APPICON_NAME = AppIcon;
				ASSETCATALOG_COMPILER_GLOBAL_ACCENT_COLOR_NAME = AccentColor;
				CODE_SIGN_STYLE = Automatic;
				CURRENT_PROJECT_VERSION = 1;
				DEVELOPMENT_TEAM = DU7FSA5JUQ;
				GENERATE_INFOPLIST_FILE = YES;
				INFOPLIST_FILE = PagingTabBar/Application/Info.plist;
				INFOPLIST_KEY_UIApplicationSupportsIndirectInputEvents = YES;
				INFOPLIST_KEY_UILaunchStoryboardName = LaunchScreen;
				INFOPLIST_KEY_UIMainStoryboardFile = Main;
				INFOPLIST_KEY_UISupportedInterfaceOrientations_iPad = "UIInterfaceOrientationPortrait UIInterfaceOrientationPortraitUpsideDown UIInterfaceOrientationLandscapeLeft UIInterfaceOrientationLandscapeRight";
				INFOPLIST_KEY_UISupportedInterfaceOrientations_iPhone = "UIInterfaceOrientationPortrait UIInterfaceOrientationLandscapeLeft UIInterfaceOrientationLandscapeRight";
				LD_RUNPATH_SEARCH_PATHS = (
					"$(inherited)",
					"@executable_path/Frameworks",
				);
				MARKETING_VERSION = 1.0;
				PRODUCT_BUNDLE_IDENTIFIER = com.younggyun.PagingTabBar;
				PRODUCT_NAME = "$(TARGET_NAME)";
				SWIFT_EMIT_LOC_STRINGS = YES;
				SWIFT_VERSION = 5.0;
				TARGETED_DEVICE_FAMILY = 1;
			};
			name = Release;
		};
/* End XCBuildConfiguration section */

/* Begin XCConfigurationList section */
		EEF8BC2F28D6F85D0091438F /* Build configuration list for PBXProject "PagingTabBar" */ = {
			isa = XCConfigurationList;
			buildConfigurations = (
				EEF8BC4628D6F85F0091438F /* Debug */,
				EEF8BC4728D6F85F0091438F /* Release */,
			);
			defaultConfigurationIsVisible = 0;
			defaultConfigurationName = Release;
		};
		EEF8BC4828D6F85F0091438F /* Build configuration list for PBXNativeTarget "PagingTabBar" */ = {
			isa = XCConfigurationList;
			buildConfigurations = (
				EEF8BC4928D6F85F0091438F /* Debug */,
				EEF8BC4A28D6F85F0091438F /* Release */,
			);
			defaultConfigurationIsVisible = 0;
			defaultConfigurationName = Release;
		};
/* End XCConfigurationList section */
	};
	rootObject = EEF8BC2C28D6F85D0091438F /* Project object */;
}
